// !$*UTF8*$!
{
	archiveVersion = 1;
	classes = {
	};
	objectVersion = 56;
	objects = {

/* Begin PBXBuildFile section */
		51011E3F2BC438EB00E39B80 /* Savvy_Snip_iosApp.swift in Sources */ = {isa = PBXBuildFile; fileRef = 51011E3E2BC438EB00E39B80 /* Savvy_Snip_iosApp.swift */; };
		51011E412BC438EB00E39B80 /* ContentView.swift in Sources */ = {isa = PBXBuildFile; fileRef = 51011E402BC438EB00E39B80 /* ContentView.swift */; };
		51011E432BC438EC00E39B80 /* Assets.xcassets in Resources */ = {isa = PBXBuildFile; fileRef = 51011E422BC438EC00E39B80 /* Assets.xcassets */; };
		51011E462BC438EC00E39B80 /* Preview Assets.xcassets in Resources */ = {isa = PBXBuildFile; fileRef = 51011E452BC438EC00E39B80 /* Preview Assets.xcassets */; };
		51011E512BC4390000E39B80 /* Savvy_Snip_macOSApp.swift in Sources */ = {isa = PBXBuildFile; fileRef = 51011E502BC4390000E39B80 /* Savvy_Snip_macOSApp.swift */; };
		51011E532BC4390000E39B80 /* ContentView.swift in Sources */ = {isa = PBXBuildFile; fileRef = 51011E522BC4390000E39B80 /* ContentView.swift */; };
		51011E552BC4390100E39B80 /* Assets.xcassets in Resources */ = {isa = PBXBuildFile; fileRef = 51011E542BC4390100E39B80 /* Assets.xcassets */; };
		51011E582BC4390100E39B80 /* Preview Assets.xcassets in Resources */ = {isa = PBXBuildFile; fileRef = 51011E572BC4390100E39B80 /* Preview Assets.xcassets */; };
		51011E652BC439E000E39B80 /* LaunchScreen.storyboard in Resources */ = {isa = PBXBuildFile; fileRef = 51011E642BC439E000E39B80 /* LaunchScreen.storyboard */; };
		51011E682BC43ACB00E39B80 /* Shared-Assets.xcassets in Resources */ = {isa = PBXBuildFile; fileRef = 51011E672BC43ACB00E39B80 /* Shared-Assets.xcassets */; };
		51011E692BC43ACB00E39B80 /* Shared-Assets.xcassets in Resources */ = {isa = PBXBuildFile; fileRef = 51011E672BC43ACB00E39B80 /* Shared-Assets.xcassets */; };
		51011E6B2BC43B2700E39B80 /* LaunchScreen.storyboard in Resources */ = {isa = PBXBuildFile; fileRef = 51011E6A2BC43B2700E39B80 /* LaunchScreen.storyboard */; };
		513C76522BC5E92B006C7FE9 /* CreateAccountScreen.swift in Sources */ = {isa = PBXBuildFile; fileRef = 513C76512BC5E92B006C7FE9 /* CreateAccountScreen.swift */; };
		515C59D42BC84E6300930744 /* RootView.swift in Sources */ = {isa = PBXBuildFile; fileRef = 515C59D32BC84E6300930744 /* RootView.swift */; };
		518F335F2BC98CA000C9941A /* CategoryView.swift in Sources */ = {isa = PBXBuildFile; fileRef = 518F335E2BC98CA000C9941A /* CategoryView.swift */; };
		518F390C2BC5D42200A8CB08 /* GoogleService-Info.plist in Resources */ = {isa = PBXBuildFile; fileRef = 518F390B2BC5D42200A8CB08 /* GoogleService-Info.plist */; };
		518F390D2BC5D42200A8CB08 /* GoogleService-Info.plist in Resources */ = {isa = PBXBuildFile; fileRef = 518F390B2BC5D42200A8CB08 /* GoogleService-Info.plist */; };
		518F39102BC5D5EF00A8CB08 /* FirebaseAnalytics in Frameworks */ = {isa = PBXBuildFile; productRef = 518F390F2BC5D5EF00A8CB08 /* FirebaseAnalytics */; };
		518F39122BC5D5EF00A8CB08 /* FirebaseAnalyticsSwift in Frameworks */ = {isa = PBXBuildFile; productRef = 518F39112BC5D5EF00A8CB08 /* FirebaseAnalyticsSwift */; };
		518F39142BC5D5EF00A8CB08 /* FirebaseAuth in Frameworks */ = {isa = PBXBuildFile; productRef = 518F39132BC5D5EF00A8CB08 /* FirebaseAuth */; };
		518F39162BC5D5EF00A8CB08 /* FirebaseFirestore in Frameworks */ = {isa = PBXBuildFile; productRef = 518F39152BC5D5EF00A8CB08 /* FirebaseFirestore */; };
		518F39182BC5D61000A8CB08 /* FirebaseAnalytics in Frameworks */ = {isa = PBXBuildFile; productRef = 518F39172BC5D61000A8CB08 /* FirebaseAnalytics */; };
		518F391A2BC5D61000A8CB08 /* FirebaseAnalyticsSwift in Frameworks */ = {isa = PBXBuildFile; productRef = 518F39192BC5D61000A8CB08 /* FirebaseAnalyticsSwift */; };
		518F391C2BC5D61000A8CB08 /* FirebaseAuth in Frameworks */ = {isa = PBXBuildFile; productRef = 518F391B2BC5D61000A8CB08 /* FirebaseAuth */; };
		518F391E2BC5D61000A8CB08 /* FirebaseFirestore in Frameworks */ = {isa = PBXBuildFile; productRef = 518F391D2BC5D61000A8CB08 /* FirebaseFirestore */; };
		518F39202BC5D67800A8CB08 /* FireBaseManager.swift in Sources */ = {isa = PBXBuildFile; fileRef = 518F391F2BC5D67800A8CB08 /* FireBaseManager.swift */; };
		518F39212BC5D67800A8CB08 /* FireBaseManager.swift in Sources */ = {isa = PBXBuildFile; fileRef = 518F391F2BC5D67800A8CB08 /* FireBaseManager.swift */; };
		518F39252BC5DBA000A8CB08 /* AuthManager.swift in Sources */ = {isa = PBXBuildFile; fileRef = 518F39242BC5DBA000A8CB08 /* AuthManager.swift */; };
		518F39262BC5DBA000A8CB08 /* AuthManager.swift in Sources */ = {isa = PBXBuildFile; fileRef = 518F39242BC5DBA000A8CB08 /* AuthManager.swift */; };
		518F39292BC5DE0600A8CB08 /* LandingScreen.swift in Sources */ = {isa = PBXBuildFile; fileRef = 518F39282BC5DE0600A8CB08 /* LandingScreen.swift */; };
		518F392A2BC5DE0600A8CB08 /* LandingScreen.swift in Sources */ = {isa = PBXBuildFile; fileRef = 518F39282BC5DE0600A8CB08 /* LandingScreen.swift */; };
		518F392F2BC5E17F00A8CB08 /* CreateAccountScreen.swift in Sources */ = {isa = PBXBuildFile; fileRef = 518F392E2BC5E17F00A8CB08 /* CreateAccountScreen.swift */; };
		51F778712BC5F0120013BF13 /* LoginWithEmail.swift in Sources */ = {isa = PBXBuildFile; fileRef = 51F778702BC5F0120013BF13 /* LoginWithEmail.swift */; };
		51F778732BC5F0CE0013BF13 /* RegisterWithEmail.swift in Sources */ = {isa = PBXBuildFile; fileRef = 51F778722BC5F0CE0013BF13 /* RegisterWithEmail.swift */; };
		51F778772BC5FB780013BF13 /* HomeMenu.swift in Sources */ = {isa = PBXBuildFile; fileRef = 51F778762BC5FB780013BF13 /* HomeMenu.swift */; };
/* End PBXBuildFile section */

/* Begin PBXFileReference section */
		51011E3B2BC438EB00E39B80 /* Savvy-Snip-ios.app */ = {isa = PBXFileReference; explicitFileType = wrapper.application; includeInIndex = 0; path = "Savvy-Snip-ios.app"; sourceTree = BUILT_PRODUCTS_DIR; };
		51011E3E2BC438EB00E39B80 /* Savvy_Snip_iosApp.swift */ = {isa = PBXFileReference; lastKnownFileType = sourcecode.swift; path = Savvy_Snip_iosApp.swift; sourceTree = "<group>"; };
		51011E402BC438EB00E39B80 /* ContentView.swift */ = {isa = PBXFileReference; lastKnownFileType = sourcecode.swift; path = ContentView.swift; sourceTree = "<group>"; };
		51011E422BC438EC00E39B80 /* Assets.xcassets */ = {isa = PBXFileReference; lastKnownFileType = folder.assetcatalog; path = Assets.xcassets; sourceTree = "<group>"; };
		51011E452BC438EC00E39B80 /* Preview Assets.xcassets */ = {isa = PBXFileReference; lastKnownFileType = folder.assetcatalog; path = "Preview Assets.xcassets"; sourceTree = "<group>"; };
		51011E4E2BC4390000E39B80 /* Savvy-Snip-macOS.app */ = {isa = PBXFileReference; explicitFileType = wrapper.application; includeInIndex = 0; path = "Savvy-Snip-macOS.app"; sourceTree = BUILT_PRODUCTS_DIR; };
		51011E502BC4390000E39B80 /* Savvy_Snip_macOSApp.swift */ = {isa = PBXFileReference; lastKnownFileType = sourcecode.swift; path = Savvy_Snip_macOSApp.swift; sourceTree = "<group>"; };
		51011E522BC4390000E39B80 /* ContentView.swift */ = {isa = PBXFileReference; lastKnownFileType = sourcecode.swift; path = ContentView.swift; sourceTree = "<group>"; };
		51011E542BC4390100E39B80 /* Assets.xcassets */ = {isa = PBXFileReference; lastKnownFileType = folder.assetcatalog; path = Assets.xcassets; sourceTree = "<group>"; };
		51011E572BC4390100E39B80 /* Preview Assets.xcassets */ = {isa = PBXFileReference; lastKnownFileType = folder.assetcatalog; path = "Preview Assets.xcassets"; sourceTree = "<group>"; };
		51011E592BC4390100E39B80 /* Savvy_Snip_macOS.entitlements */ = {isa = PBXFileReference; lastKnownFileType = text.plist.entitlements; path = Savvy_Snip_macOS.entitlements; sourceTree = "<group>"; };
		51011E642BC439E000E39B80 /* LaunchScreen.storyboard */ = {isa = PBXFileReference; fileEncoding = 4; lastKnownFileType = file.storyboard; path = LaunchScreen.storyboard; sourceTree = "<group>"; };
		51011E672BC43ACB00E39B80 /* Shared-Assets.xcassets */ = {isa = PBXFileReference; lastKnownFileType = folder.assetcatalog; path = "Shared-Assets.xcassets"; sourceTree = "<group>"; };
		51011E6A2BC43B2700E39B80 /* LaunchScreen.storyboard */ = {isa = PBXFileReference; fileEncoding = 4; lastKnownFileType = file.storyboard; path = LaunchScreen.storyboard; sourceTree = "<group>"; };
		513C76512BC5E92B006C7FE9 /* CreateAccountScreen.swift */ = {isa = PBXFileReference; lastKnownFileType = sourcecode.swift; path = CreateAccountScreen.swift; sourceTree = "<group>"; };
		515C59D32BC84E6300930744 /* RootView.swift */ = {isa = PBXFileReference; lastKnownFileType = sourcecode.swift; path = RootView.swift; sourceTree = "<group>"; };
		518F335E2BC98CA000C9941A /* CategoryView.swift */ = {isa = PBXFileReference; lastKnownFileType = sourcecode.swift; path = CategoryView.swift; sourceTree = "<group>"; };
		518F390B2BC5D42200A8CB08 /* GoogleService-Info.plist */ = {isa = PBXFileReference; fileEncoding = 4; lastKnownFileType = text.plist.xml; path = "GoogleService-Info.plist"; sourceTree = "<group>"; };
		518F391F2BC5D67800A8CB08 /* FireBaseManager.swift */ = {isa = PBXFileReference; lastKnownFileType = sourcecode.swift; path = FireBaseManager.swift; sourceTree = "<group>"; };
		518F39242BC5DBA000A8CB08 /* AuthManager.swift */ = {isa = PBXFileReference; lastKnownFileType = sourcecode.swift; path = AuthManager.swift; sourceTree = "<group>"; };
		518F39282BC5DE0600A8CB08 /* LandingScreen.swift */ = {isa = PBXFileReference; lastKnownFileType = sourcecode.swift; path = LandingScreen.swift; sourceTree = "<group>"; };
		518F392E2BC5E17F00A8CB08 /* CreateAccountScreen.swift */ = {isa = PBXFileReference; lastKnownFileType = sourcecode.swift; path = CreateAccountScreen.swift; sourceTree = "<group>"; };
		51F778702BC5F0120013BF13 /* LoginWithEmail.swift */ = {isa = PBXFileReference; lastKnownFileType = sourcecode.swift; path = LoginWithEmail.swift; sourceTree = "<group>"; };
		51F778722BC5F0CE0013BF13 /* RegisterWithEmail.swift */ = {isa = PBXFileReference; lastKnownFileType = sourcecode.swift; path = RegisterWithEmail.swift; sourceTree = "<group>"; };
		51F778762BC5FB780013BF13 /* HomeMenu.swift */ = {isa = PBXFileReference; lastKnownFileType = sourcecode.swift; path = HomeMenu.swift; sourceTree = "<group>"; };
		51F778782BC5FF430013BF13 /* Savvy-Snip-ios.entitlements */ = {isa = PBXFileReference; lastKnownFileType = text.plist.entitlements; path = "Savvy-Snip-ios.entitlements"; sourceTree = "<group>"; };
/* End PBXFileReference section */

/* Begin PBXFrameworksBuildPhase section */
		51011E382BC438EB00E39B80 /* Frameworks */ = {
			isa = PBXFrameworksBuildPhase;
			buildActionMask = 2147483647;
			files = (
				518F39122BC5D5EF00A8CB08 /* FirebaseAnalyticsSwift in Frameworks */,
				518F39162BC5D5EF00A8CB08 /* FirebaseFirestore in Frameworks */,
				518F39142BC5D5EF00A8CB08 /* FirebaseAuth in Frameworks */,
				518F39102BC5D5EF00A8CB08 /* FirebaseAnalytics in Frameworks */,
			);
			runOnlyForDeploymentPostprocessing = 0;
		};
		51011E4B2BC4390000E39B80 /* Frameworks */ = {
			isa = PBXFrameworksBuildPhase;
			buildActionMask = 2147483647;
			files = (
				518F391A2BC5D61000A8CB08 /* FirebaseAnalyticsSwift in Frameworks */,
				518F391E2BC5D61000A8CB08 /* FirebaseFirestore in Frameworks */,
				518F391C2BC5D61000A8CB08 /* FirebaseAuth in Frameworks */,
				518F39182BC5D61000A8CB08 /* FirebaseAnalytics in Frameworks */,
			);
			runOnlyForDeploymentPostprocessing = 0;
		};
/* End PBXFrameworksBuildPhase section */

/* Begin PBXGroup section */
		51011E302BC438C400E39B80 = {
			isa = PBXGroup;
			children = (
				51011E5D2BC4390600E39B80 /* Shared */,
				51011E3D2BC438EB00E39B80 /* Savvy-Snip-ios */,
				51011E4F2BC4390000E39B80 /* Savvy-Snip-macOS */,
				51011E3C2BC438EB00E39B80 /* Products */,
			);
			sourceTree = "<group>";
		};
		51011E3C2BC438EB00E39B80 /* Products */ = {
			isa = PBXGroup;
			children = (
				51011E3B2BC438EB00E39B80 /* Savvy-Snip-ios.app */,
				51011E4E2BC4390000E39B80 /* Savvy-Snip-macOS.app */,
			);
			name = Products;
			sourceTree = "<group>";
		};
		51011E3D2BC438EB00E39B80 /* Savvy-Snip-ios */ = {
			isa = PBXGroup;
			children = (
				51F778782BC5FF430013BF13 /* Savvy-Snip-ios.entitlements */,
				51011E642BC439E000E39B80 /* LaunchScreen.storyboard */,
				51011E3E2BC438EB00E39B80 /* Savvy_Snip_iosApp.swift */,
				51011E402BC438EB00E39B80 /* ContentView.swift */,
				518F392D2BC5E04200A8CB08 /* View */,
				51011E422BC438EC00E39B80 /* Assets.xcassets */,
				51011E442BC438EC00E39B80 /* Preview Content */,
			);
			path = "Savvy-Snip-ios";
			sourceTree = "<group>";
		};
		51011E442BC438EC00E39B80 /* Preview Content */ = {
			isa = PBXGroup;
			children = (
				51011E452BC438EC00E39B80 /* Preview Assets.xcassets */,
			);
			path = "Preview Content";
			sourceTree = "<group>";
		};
		51011E4F2BC4390000E39B80 /* Savvy-Snip-macOS */ = {
			isa = PBXGroup;
			children = (
				51011E6A2BC43B2700E39B80 /* LaunchScreen.storyboard */,
				51011E502BC4390000E39B80 /* Savvy_Snip_macOSApp.swift */,
				51011E522BC4390000E39B80 /* ContentView.swift */,
				51E91FB42BC5E721006F4AC7 /* Views */,
				51011E542BC4390100E39B80 /* Assets.xcassets */,
				51011E592BC4390100E39B80 /* Savvy_Snip_macOS.entitlements */,
				51011E562BC4390100E39B80 /* Preview Content */,
			);
			path = "Savvy-Snip-macOS";
			sourceTree = "<group>";
		};
		51011E562BC4390100E39B80 /* Preview Content */ = {
			isa = PBXGroup;
			children = (
				51011E572BC4390100E39B80 /* Preview Assets.xcassets */,
			);
			path = "Preview Content";
			sourceTree = "<group>";
		};
		51011E5D2BC4390600E39B80 /* Shared */ = {
			isa = PBXGroup;
			children = (
				518F39232BC5DB7E00A8CB08 /* Authentication */,
				51011E672BC43ACB00E39B80 /* Shared-Assets.xcassets */,
				518F390B2BC5D42200A8CB08 /* GoogleService-Info.plist */,
				518F392C2BC5E02C00A8CB08 /* Views */,
			);
			path = Shared;
			sourceTree = "<group>";
		};
		518F39232BC5DB7E00A8CB08 /* Authentication */ = {
			isa = PBXGroup;
			children = (
				518F391F2BC5D67800A8CB08 /* FireBaseManager.swift */,
				518F39242BC5DBA000A8CB08 /* AuthManager.swift */,
			);
			path = Authentication;
			sourceTree = "<group>";
		};
		518F392C2BC5E02C00A8CB08 /* Views */ = {
			isa = PBXGroup;
			children = (
				518F39282BC5DE0600A8CB08 /* LandingScreen.swift */,
			);
			path = Views;
			sourceTree = "<group>";
		};
		518F392D2BC5E04200A8CB08 /* View */ = {
			isa = PBXGroup;
			children = (
				515C59D32BC84E6300930744 /* RootView.swift */,
				51F778722BC5F0CE0013BF13 /* RegisterWithEmail.swift */,
				518F392E2BC5E17F00A8CB08 /* CreateAccountScreen.swift */,
				518F335E2BC98CA000C9941A /* CategoryView.swift */,
			);
			path = View;
			sourceTree = "<group>";
		};
		51E91FB42BC5E721006F4AC7 /* Views */ = {
			isa = PBXGroup;
			children = (
				513C76512BC5E92B006C7FE9 /* CreateAccountScreen.swift */,
				51F778702BC5F0120013BF13 /* LoginWithEmail.swift */,
				51F778762BC5FB780013BF13 /* HomeMenu.swift */,
			);
			path = Views;
			sourceTree = "<group>";
		};
/* End PBXGroup section */

/* Begin PBXNativeTarget section */
		51011E3A2BC438EB00E39B80 /* Savvy-Snip-ios */ = {
			isa = PBXNativeTarget;
			buildConfigurationList = 51011E472BC438EC00E39B80 /* Build configuration list for PBXNativeTarget "Savvy-Snip-ios" */;
			buildPhases = (
				51011E372BC438EB00E39B80 /* Sources */,
				51011E382BC438EB00E39B80 /* Frameworks */,
				51011E392BC438EB00E39B80 /* Resources */,
			);
			buildRules = (
			);
			dependencies = (
			);
			name = "Savvy-Snip-ios";
			packageProductDependencies = (
				518F390F2BC5D5EF00A8CB08 /* FirebaseAnalytics */,
				518F39112BC5D5EF00A8CB08 /* FirebaseAnalyticsSwift */,
				518F39132BC5D5EF00A8CB08 /* FirebaseAuth */,
				518F39152BC5D5EF00A8CB08 /* FirebaseFirestore */,
			);
			productName = "Savvy-Snip-ios";
			productReference = 51011E3B2BC438EB00E39B80 /* Savvy-Snip-ios.app */;
			productType = "com.apple.product-type.application";
		};
		51011E4D2BC4390000E39B80 /* Savvy-Snip-macOS */ = {
			isa = PBXNativeTarget;
			buildConfigurationList = 51011E5A2BC4390100E39B80 /* Build configuration list for PBXNativeTarget "Savvy-Snip-macOS" */;
			buildPhases = (
				51011E4A2BC4390000E39B80 /* Sources */,
				51011E4B2BC4390000E39B80 /* Frameworks */,
				51011E4C2BC4390000E39B80 /* Resources */,
			);
			buildRules = (
			);
			dependencies = (
			);
			name = "Savvy-Snip-macOS";
			packageProductDependencies = (
				518F39172BC5D61000A8CB08 /* FirebaseAnalytics */,
				518F39192BC5D61000A8CB08 /* FirebaseAnalyticsSwift */,
				518F391B2BC5D61000A8CB08 /* FirebaseAuth */,
				518F391D2BC5D61000A8CB08 /* FirebaseFirestore */,
			);
			productName = "Savvy-Snip-macOS";
			productReference = 51011E4E2BC4390000E39B80 /* Savvy-Snip-macOS.app */;
			productType = "com.apple.product-type.application";
		};
/* End PBXNativeTarget section */

/* Begin PBXProject section */
		51011E312BC438C400E39B80 /* Project object */ = {
			isa = PBXProject;
			attributes = {
				BuildIndependentTargetsInParallel = 1;
				LastSwiftUpdateCheck = 1530;
				LastUpgradeCheck = 1530;
				TargetAttributes = {
					51011E3A2BC438EB00E39B80 = {
						CreatedOnToolsVersion = 15.3;
					};
					51011E4D2BC4390000E39B80 = {
						CreatedOnToolsVersion = 15.3;
					};
				};
			};
			buildConfigurationList = 51011E342BC438C400E39B80 /* Build configuration list for PBXProject "Savvy-Snip" */;
			compatibilityVersion = "Xcode 14.0";
			developmentRegion = en;
			hasScannedForEncodings = 0;
			knownRegions = (
				en,
				Base,
			);
			mainGroup = 51011E302BC438C400E39B80;
			packageReferences = (
				518F390E2BC5D5EF00A8CB08 /* XCRemoteSwiftPackageReference "firebase-ios-sdk" */,
			);
			productRefGroup = 51011E3C2BC438EB00E39B80 /* Products */;
			projectDirPath = "";
			projectRoot = "";
			targets = (
				51011E3A2BC438EB00E39B80 /* Savvy-Snip-ios */,
				51011E4D2BC4390000E39B80 /* Savvy-Snip-macOS */,
			);
		};
/* End PBXProject section */

/* Begin PBXResourcesBuildPhase section */
		51011E392BC438EB00E39B80 /* Resources */ = {
			isa = PBXResourcesBuildPhase;
			buildActionMask = 2147483647;
			files = (
				51011E652BC439E000E39B80 /* LaunchScreen.storyboard in Resources */,
				51011E682BC43ACB00E39B80 /* Shared-Assets.xcassets in Resources */,
				518F390C2BC5D42200A8CB08 /* GoogleService-Info.plist in Resources */,
				51011E462BC438EC00E39B80 /* Preview Assets.xcassets in Resources */,
				51011E432BC438EC00E39B80 /* Assets.xcassets in Resources */,
			);
			runOnlyForDeploymentPostprocessing = 0;
		};
		51011E4C2BC4390000E39B80 /* Resources */ = {
			isa = PBXResourcesBuildPhase;
			buildActionMask = 2147483647;
			files = (
				51011E692BC43ACB00E39B80 /* Shared-Assets.xcassets in Resources */,
				51011E582BC4390100E39B80 /* Preview Assets.xcassets in Resources */,
				518F390D2BC5D42200A8CB08 /* GoogleService-Info.plist in Resources */,
				51011E6B2BC43B2700E39B80 /* LaunchScreen.storyboard in Resources */,
				51011E552BC4390100E39B80 /* Assets.xcassets in Resources */,
			);
			runOnlyForDeploymentPostprocessing = 0;
		};
/* End PBXResourcesBuildPhase section */

/* Begin PBXSourcesBuildPhase section */
		51011E372BC438EB00E39B80 /* Sources */ = {
			isa = PBXSourcesBuildPhase;
			buildActionMask = 2147483647;
			files = (
				518F39292BC5DE0600A8CB08 /* LandingScreen.swift in Sources */,
				518F392F2BC5E17F00A8CB08 /* CreateAccountScreen.swift in Sources */,
				518F39252BC5DBA000A8CB08 /* AuthManager.swift in Sources */,
				51011E412BC438EB00E39B80 /* ContentView.swift in Sources */,
				51011E3F2BC438EB00E39B80 /* Savvy_Snip_iosApp.swift in Sources */,
				515C59D42BC84E6300930744 /* RootView.swift in Sources */,
				518F39202BC5D67800A8CB08 /* FireBaseManager.swift in Sources */,
				51F778732BC5F0CE0013BF13 /* RegisterWithEmail.swift in Sources */,
				518F335F2BC98CA000C9941A /* CategoryView.swift in Sources */,
			);
			runOnlyForDeploymentPostprocessing = 0;
		};
		51011E4A2BC4390000E39B80 /* Sources */ = {
			isa = PBXSourcesBuildPhase;
			buildActionMask = 2147483647;
			files = (
				518F392A2BC5DE0600A8CB08 /* LandingScreen.swift in Sources */,
				513C76522BC5E92B006C7FE9 /* CreateAccountScreen.swift in Sources */,
				518F39262BC5DBA000A8CB08 /* AuthManager.swift in Sources */,
				51011E532BC4390000E39B80 /* ContentView.swift in Sources */,
				51011E512BC4390000E39B80 /* Savvy_Snip_macOSApp.swift in Sources */,
				518F39212BC5D67800A8CB08 /* FireBaseManager.swift in Sources */,
				51F778712BC5F0120013BF13 /* LoginWithEmail.swift in Sources */,
				51F778772BC5FB780013BF13 /* HomeMenu.swift in Sources */,
			);
			runOnlyForDeploymentPostprocessing = 0;
		};
/* End PBXSourcesBuildPhase section */

/* Begin XCBuildConfiguration section */
		51011E352BC438C400E39B80 /* Debug */ = {
			isa = XCBuildConfiguration;
			buildSettings = {
			};
			name = Debug;
		};
		51011E362BC438C400E39B80 /* Release */ = {
			isa = XCBuildConfiguration;
			buildSettings = {
			};
			name = Release;
		};
		51011E482BC438EC00E39B80 /* Debug */ = {
			isa = XCBuildConfiguration;
			buildSettings = {
				ALWAYS_SEARCH_USER_PATHS = NO;
				ASSETCATALOG_COMPILER_APPICON_NAME = AppIcon;
				ASSETCATALOG_COMPILER_GENERATE_SWIFT_ASSET_SYMBOL_EXTENSIONS = YES;
				ASSETCATALOG_COMPILER_GLOBAL_ACCENT_COLOR_NAME = AccentColor;
				CLANG_ANALYZER_NONNULL = YES;
				CLANG_ANALYZER_NUMBER_OBJECT_CONVERSION = YES_AGGRESSIVE;
				CLANG_CXX_LANGUAGE_STANDARD = "gnu++20";
				CLANG_ENABLE_MODULES = YES;
				CLANG_ENABLE_OBJC_ARC = YES;
				CLANG_ENABLE_OBJC_WEAK = YES;
				CLANG_WARN_BLOCK_CAPTURE_AUTORELEASING = YES;
				CLANG_WARN_BOOL_CONVERSION = YES;
				CLANG_WARN_COMMA = YES;
				CLANG_WARN_CONSTANT_CONVERSION = YES;
				CLANG_WARN_DEPRECATED_OBJC_IMPLEMENTATIONS = YES;
				CLANG_WARN_DIRECT_OBJC_ISA_USAGE = YES_ERROR;
				CLANG_WARN_DOCUMENTATION_COMMENTS = YES;
				CLANG_WARN_EMPTY_BODY = YES;
				CLANG_WARN_ENUM_CONVERSION = YES;
				CLANG_WARN_INFINITE_RECURSION = YES;
				CLANG_WARN_INT_CONVERSION = YES;
				CLANG_WARN_NON_LITERAL_NULL_CONVERSION = YES;
				CLANG_WARN_OBJC_IMPLICIT_RETAIN_SELF = YES;
				CLANG_WARN_OBJC_LITERAL_CONVERSION = YES;
				CLANG_WARN_OBJC_ROOT_CLASS = YES_ERROR;
				CLANG_WARN_QUOTED_INCLUDE_IN_FRAMEWORK_HEADER = YES;
				CLANG_WARN_RANGE_LOOP_ANALYSIS = YES;
				CLANG_WARN_STRICT_PROTOTYPES = YES;
				CLANG_WARN_SUSPICIOUS_MOVE = YES;
				CLANG_WARN_UNGUARDED_AVAILABILITY = YES_AGGRESSIVE;
				CLANG_WARN_UNREACHABLE_CODE = YES;
				CLANG_WARN__DUPLICATE_METHOD_MATCH = YES;
				CODE_SIGN_ENTITLEMENTS = "Savvy-Snip-ios/Savvy-Snip-ios.entitlements";
				CODE_SIGN_STYLE = Automatic;
				COPY_PHASE_STRIP = NO;
				CURRENT_PROJECT_VERSION = 1;
				DEBUG_INFORMATION_FORMAT = dwarf;
				DEVELOPMENT_ASSET_PATHS = "\"Savvy-Snip-ios/Preview Content\"";
				DEVELOPMENT_TEAM = ZV8A22X9K3;
				ENABLE_PREVIEWS = YES;
				ENABLE_STRICT_OBJC_MSGSEND = YES;
				ENABLE_TESTABILITY = YES;
				ENABLE_USER_SCRIPT_SANDBOXING = YES;
				GCC_C_LANGUAGE_STANDARD = gnu17;
				GCC_DYNAMIC_NO_PIC = NO;
				GCC_NO_COMMON_BLOCKS = YES;
				GCC_OPTIMIZATION_LEVEL = 0;
				GCC_PREPROCESSOR_DEFINITIONS = (
					"DEBUG=1",
					"$(inherited)",
				);
				GCC_WARN_64_TO_32_BIT_CONVERSION = YES;
				GCC_WARN_ABOUT_RETURN_TYPE = YES_ERROR;
				GCC_WARN_UNDECLARED_SELECTOR = YES;
				GCC_WARN_UNINITIALIZED_AUTOS = YES_AGGRESSIVE;
				GCC_WARN_UNUSED_FUNCTION = YES;
				GCC_WARN_UNUSED_VARIABLE = YES;
				GENERATE_INFOPLIST_FILE = YES;
				INFOPLIST_KEY_CFBundleDisplayName = "Savvy-Snip";
				INFOPLIST_KEY_LSApplicationCategoryType = "public.app-category.developer-tools";
				INFOPLIST_KEY_UIApplicationSceneManifest_Generation = YES;
				INFOPLIST_KEY_UIApplicationSupportsIndirectInputEvents = YES;
				INFOPLIST_KEY_UILaunchScreen_Generation = YES;
				INFOPLIST_KEY_UILaunchStoryboardName = LaunchScreen.storyboard;
				INFOPLIST_KEY_UISupportedInterfaceOrientations_iPad = "UIInterfaceOrientationPortrait UIInterfaceOrientationPortraitUpsideDown UIInterfaceOrientationLandscapeLeft UIInterfaceOrientationLandscapeRight";
				INFOPLIST_KEY_UISupportedInterfaceOrientations_iPhone = "UIInterfaceOrientationPortrait UIInterfaceOrientationLandscapeLeft UIInterfaceOrientationLandscapeRight";
				IPHONEOS_DEPLOYMENT_TARGET = 17.4;
				LD_RUNPATH_SEARCH_PATHS = (
					"$(inherited)",
					"@executable_path/Frameworks",
				);
				LOCALIZATION_PREFERS_STRING_CATALOGS = YES;
				MARKETING_VERSION = 1.0;
				MTL_ENABLE_DEBUG_INFO = INCLUDE_SOURCE;
				MTL_FAST_MATH = YES;
				ONLY_ACTIVE_ARCH = YES;
				PRODUCT_BUNDLE_IDENTIFIER = "github.com-Harman-Sahota-.Savvy-Snip";
				PRODUCT_NAME = "$(TARGET_NAME)";
				SDKROOT = iphoneos;
				SUPPORTED_PLATFORMS = "iphoneos iphonesimulator";
				SUPPORTS_MACCATALYST = NO;
				SUPPORTS_MAC_DESIGNED_FOR_IPHONE_IPAD = NO;
				SUPPORTS_XR_DESIGNED_FOR_IPHONE_IPAD = NO;
				SWIFT_ACTIVE_COMPILATION_CONDITIONS = "DEBUG $(inherited)";
				SWIFT_EMIT_LOC_STRINGS = YES;
				SWIFT_OPTIMIZATION_LEVEL = "-Onone";
				SWIFT_VERSION = 5.0;
				TARGETED_DEVICE_FAMILY = "1,2";
			};
			name = Debug;
		};
		51011E492BC438EC00E39B80 /* Release */ = {
			isa = XCBuildConfiguration;
			buildSettings = {
				ALWAYS_SEARCH_USER_PATHS = NO;
				ASSETCATALOG_COMPILER_APPICON_NAME = AppIcon;
				ASSETCATALOG_COMPILER_GENERATE_SWIFT_ASSET_SYMBOL_EXTENSIONS = YES;
				ASSETCATALOG_COMPILER_GLOBAL_ACCENT_COLOR_NAME = AccentColor;
				CLANG_ANALYZER_NONNULL = YES;
				CLANG_ANALYZER_NUMBER_OBJECT_CONVERSION = YES_AGGRESSIVE;
				CLANG_CXX_LANGUAGE_STANDARD = "gnu++20";
				CLANG_ENABLE_MODULES = YES;
				CLANG_ENABLE_OBJC_ARC = YES;
				CLANG_ENABLE_OBJC_WEAK = YES;
				CLANG_WARN_BLOCK_CAPTURE_AUTORELEASING = YES;
				CLANG_WARN_BOOL_CONVERSION = YES;
				CLANG_WARN_COMMA = YES;
				CLANG_WARN_CONSTANT_CONVERSION = YES;
				CLANG_WARN_DEPRECATED_OBJC_IMPLEMENTATIONS = YES;
				CLANG_WARN_DIRECT_OBJC_ISA_USAGE = YES_ERROR;
				CLANG_WARN_DOCUMENTATION_COMMENTS = YES;
				CLANG_WARN_EMPTY_BODY = YES;
				CLANG_WARN_ENUM_CONVERSION = YES;
				CLANG_WARN_INFINITE_RECURSION = YES;
				CLANG_WARN_INT_CONVERSION = YES;
				CLANG_WARN_NON_LITERAL_NULL_CONVERSION = YES;
				CLANG_WARN_OBJC_IMPLICIT_RETAIN_SELF = YES;
				CLANG_WARN_OBJC_LITERAL_CONVERSION = YES;
				CLANG_WARN_OBJC_ROOT_CLASS = YES_ERROR;
				CLANG_WARN_QUOTED_INCLUDE_IN_FRAMEWORK_HEADER = YES;
				CLANG_WARN_RANGE_LOOP_ANALYSIS = YES;
				CLANG_WARN_STRICT_PROTOTYPES = YES;
				CLANG_WARN_SUSPICIOUS_MOVE = YES;
				CLANG_WARN_UNGUARDED_AVAILABILITY = YES_AGGRESSIVE;
				CLANG_WARN_UNREACHABLE_CODE = YES;
				CLANG_WARN__DUPLICATE_METHOD_MATCH = YES;
				CODE_SIGN_ENTITLEMENTS = "Savvy-Snip-ios/Savvy-Snip-ios.entitlements";
				CODE_SIGN_STYLE = Automatic;
				COPY_PHASE_STRIP = NO;
				CURRENT_PROJECT_VERSION = 1;
				DEBUG_INFORMATION_FORMAT = "dwarf-with-dsym";
				DEVELOPMENT_ASSET_PATHS = "\"Savvy-Snip-ios/Preview Content\"";
				DEVELOPMENT_TEAM = ZV8A22X9K3;
				ENABLE_NS_ASSERTIONS = NO;
				ENABLE_PREVIEWS = YES;
				ENABLE_STRICT_OBJC_MSGSEND = YES;
				ENABLE_USER_SCRIPT_SANDBOXING = YES;
				GCC_C_LANGUAGE_STANDARD = gnu17;
				GCC_NO_COMMON_BLOCKS = YES;
				GCC_WARN_64_TO_32_BIT_CONVERSION = YES;
				GCC_WARN_ABOUT_RETURN_TYPE = YES_ERROR;
				GCC_WARN_UNDECLARED_SELECTOR = YES;
				GCC_WARN_UNINITIALIZED_AUTOS = YES_AGGRESSIVE;
				GCC_WARN_UNUSED_FUNCTION = YES;
				GCC_WARN_UNUSED_VARIABLE = YES;
				GENERATE_INFOPLIST_FILE = YES;
				INFOPLIST_KEY_CFBundleDisplayName = "Savvy-Snip";
				INFOPLIST_KEY_LSApplicationCategoryType = "public.app-category.developer-tools";
				INFOPLIST_KEY_UIApplicationSceneManifest_Generation = YES;
				INFOPLIST_KEY_UIApplicationSupportsIndirectInputEvents = YES;
				INFOPLIST_KEY_UILaunchScreen_Generation = YES;
				INFOPLIST_KEY_UILaunchStoryboardName = LaunchScreen.storyboard;
				INFOPLIST_KEY_UISupportedInterfaceOrientations_iPad = "UIInterfaceOrientationPortrait UIInterfaceOrientationPortraitUpsideDown UIInterfaceOrientationLandscapeLeft UIInterfaceOrientationLandscapeRight";
				INFOPLIST_KEY_UISupportedInterfaceOrientations_iPhone = "UIInterfaceOrientationPortrait UIInterfaceOrientationLandscapeLeft UIInterfaceOrientationLandscapeRight";
				IPHONEOS_DEPLOYMENT_TARGET = 17.4;
				LD_RUNPATH_SEARCH_PATHS = (
					"$(inherited)",
					"@executable_path/Frameworks",
				);
				LOCALIZATION_PREFERS_STRING_CATALOGS = YES;
				MARKETING_VERSION = 1.0;
				MTL_ENABLE_DEBUG_INFO = NO;
				MTL_FAST_MATH = YES;
				PRODUCT_BUNDLE_IDENTIFIER = "github.com-Harman-Sahota-.Savvy-Snip";
				PRODUCT_NAME = "$(TARGET_NAME)";
				SDKROOT = iphoneos;
				SUPPORTED_PLATFORMS = "iphoneos iphonesimulator";
				SUPPORTS_MACCATALYST = NO;
				SUPPORTS_MAC_DESIGNED_FOR_IPHONE_IPAD = NO;
				SUPPORTS_XR_DESIGNED_FOR_IPHONE_IPAD = NO;
				SWIFT_COMPILATION_MODE = wholemodule;
				SWIFT_EMIT_LOC_STRINGS = YES;
				SWIFT_VERSION = 5.0;
				TARGETED_DEVICE_FAMILY = "1,2";
				VALIDATE_PRODUCT = YES;
			};
			name = Release;
		};
		51011E5B2BC4390100E39B80 /* Debug */ = {
			isa = XCBuildConfiguration;
			buildSettings = {
				ALWAYS_SEARCH_USER_PATHS = NO;
				ASSETCATALOG_COMPILER_APPICON_NAME = AppIcon;
				ASSETCATALOG_COMPILER_GENERATE_SWIFT_ASSET_SYMBOL_EXTENSIONS = YES;
				ASSETCATALOG_COMPILER_GLOBAL_ACCENT_COLOR_NAME = AccentColor;
				CLANG_ANALYZER_NONNULL = YES;
				CLANG_ANALYZER_NUMBER_OBJECT_CONVERSION = YES_AGGRESSIVE;
				CLANG_CXX_LANGUAGE_STANDARD = "gnu++20";
				CLANG_ENABLE_MODULES = YES;
				CLANG_ENABLE_OBJC_ARC = YES;
				CLANG_ENABLE_OBJC_WEAK = YES;
				CLANG_WARN_BLOCK_CAPTURE_AUTORELEASING = YES;
				CLANG_WARN_BOOL_CONVERSION = YES;
				CLANG_WARN_COMMA = YES;
				CLANG_WARN_CONSTANT_CONVERSION = YES;
				CLANG_WARN_DEPRECATED_OBJC_IMPLEMENTATIONS = YES;
				CLANG_WARN_DIRECT_OBJC_ISA_USAGE = YES_ERROR;
				CLANG_WARN_DOCUMENTATION_COMMENTS = YES;
				CLANG_WARN_EMPTY_BODY = YES;
				CLANG_WARN_ENUM_CONVERSION = YES;
				CLANG_WARN_INFINITE_RECURSION = YES;
				CLANG_WARN_INT_CONVERSION = YES;
				CLANG_WARN_NON_LITERAL_NULL_CONVERSION = YES;
				CLANG_WARN_OBJC_IMPLICIT_RETAIN_SELF = YES;
				CLANG_WARN_OBJC_LITERAL_CONVERSION = YES;
				CLANG_WARN_OBJC_ROOT_CLASS = YES_ERROR;
				CLANG_WARN_QUOTED_INCLUDE_IN_FRAMEWORK_HEADER = YES;
				CLANG_WARN_RANGE_LOOP_ANALYSIS = YES;
				CLANG_WARN_STRICT_PROTOTYPES = YES;
				CLANG_WARN_SUSPICIOUS_MOVE = YES;
				CLANG_WARN_UNGUARDED_AVAILABILITY = YES_AGGRESSIVE;
				CLANG_WARN_UNREACHABLE_CODE = YES;
				CLANG_WARN__DUPLICATE_METHOD_MATCH = YES;
				CODE_SIGN_ENTITLEMENTS = "Savvy-Snip-macOS/Savvy_Snip_macOS.entitlements";
				"CODE_SIGN_IDENTITY[sdk=macosx*]" = "Apple Development";
				CODE_SIGN_STYLE = Automatic;
				COMBINE_HIDPI_IMAGES = YES;
				COPY_PHASE_STRIP = NO;
				CURRENT_PROJECT_VERSION = 1;
				DEBUG_INFORMATION_FORMAT = dwarf;
				DEVELOPMENT_ASSET_PATHS = "\"Savvy-Snip-macOS/Preview Content\"";
				DEVELOPMENT_TEAM = ZV8A22X9K3;
				ENABLE_HARDENED_RUNTIME = YES;
				ENABLE_PREVIEWS = YES;
				ENABLE_STRICT_OBJC_MSGSEND = YES;
				ENABLE_TESTABILITY = YES;
				ENABLE_USER_SCRIPT_SANDBOXING = YES;
				GCC_C_LANGUAGE_STANDARD = gnu17;
				GCC_DYNAMIC_NO_PIC = NO;
				GCC_NO_COMMON_BLOCKS = YES;
				GCC_OPTIMIZATION_LEVEL = 0;
				GCC_PREPROCESSOR_DEFINITIONS = (
					"DEBUG=1",
					"$(inherited)",
				);
				GCC_WARN_64_TO_32_BIT_CONVERSION = YES;
				GCC_WARN_ABOUT_RETURN_TYPE = YES_ERROR;
				GCC_WARN_UNDECLARED_SELECTOR = YES;
				GCC_WARN_UNINITIALIZED_AUTOS = YES_AGGRESSIVE;
				GCC_WARN_UNUSED_FUNCTION = YES;
				GCC_WARN_UNUSED_VARIABLE = YES;
				GENERATE_INFOPLIST_FILE = YES;
				INFOPLIST_KEY_CFBundleDisplayName = "Savvy-Snip";
				INFOPLIST_KEY_LSApplicationCategoryType = "public.app-category.developer-tools";
				INFOPLIST_KEY_NSHumanReadableCopyright = "";
				INFOPLIST_KEY_UILaunchStoryboardName = LaunchScreen.storyboard;
				LD_RUNPATH_SEARCH_PATHS = (
					"$(inherited)",
					"@executable_path/../Frameworks",
				);
				LOCALIZATION_PREFERS_STRING_CATALOGS = YES;
				MACOSX_DEPLOYMENT_TARGET = 14.4;
				MARKETING_VERSION = 1.0;
				MTL_ENABLE_DEBUG_INFO = INCLUDE_SOURCE;
				MTL_FAST_MATH = YES;
				ONLY_ACTIVE_ARCH = YES;
				PRODUCT_BUNDLE_IDENTIFIER = "github.com-Harman-Sahota-.Savvy-Snip";
				PRODUCT_NAME = "$(TARGET_NAME)";
				SDKROOT = macosx;
				SWIFT_ACTIVE_COMPILATION_CONDITIONS = "DEBUG $(inherited)";
				SWIFT_EMIT_LOC_STRINGS = YES;
				SWIFT_OPTIMIZATION_LEVEL = "-Onone";
				SWIFT_VERSION = 5.0;
			};
			name = Debug;
		};
		51011E5C2BC4390100E39B80 /* Release */ = {
			isa = XCBuildConfiguration;
			buildSettings = {
				ALWAYS_SEARCH_USER_PATHS = NO;
				ASSETCATALOG_COMPILER_APPICON_NAME = AppIcon;
				ASSETCATALOG_COMPILER_GENERATE_SWIFT_ASSET_SYMBOL_EXTENSIONS = YES;
				ASSETCATALOG_COMPILER_GLOBAL_ACCENT_COLOR_NAME = AccentColor;
				CLANG_ANALYZER_NONNULL = YES;
				CLANG_ANALYZER_NUMBER_OBJECT_CONVERSION = YES_AGGRESSIVE;
				CLANG_CXX_LANGUAGE_STANDARD = "gnu++20";
				CLANG_ENABLE_MODULES = YES;
				CLANG_ENABLE_OBJC_ARC = YES;
				CLANG_ENABLE_OBJC_WEAK = YES;
				CLANG_WARN_BLOCK_CAPTURE_AUTORELEASING = YES;
				CLANG_WARN_BOOL_CONVERSION = YES;
				CLANG_WARN_COMMA = YES;
				CLANG_WARN_CONSTANT_CONVERSION = YES;
				CLANG_WARN_DEPRECATED_OBJC_IMPLEMENTATIONS = YES;
				CLANG_WARN_DIRECT_OBJC_ISA_USAGE = YES_ERROR;
				CLANG_WARN_DOCUMENTATION_COMMENTS = YES;
				CLANG_WARN_EMPTY_BODY = YES;
				CLANG_WARN_ENUM_CONVERSION = YES;
				CLANG_WARN_INFINITE_RECURSION = YES;
				CLANG_WARN_INT_CONVERSION = YES;
				CLANG_WARN_NON_LITERAL_NULL_CONVERSION = YES;
				CLANG_WARN_OBJC_IMPLICIT_RETAIN_SELF = YES;
				CLANG_WARN_OBJC_LITERAL_CONVERSION = YES;
				CLANG_WARN_OBJC_ROOT_CLASS = YES_ERROR;
				CLANG_WARN_QUOTED_INCLUDE_IN_FRAMEWORK_HEADER = YES;
				CLANG_WARN_RANGE_LOOP_ANALYSIS = YES;
				CLANG_WARN_STRICT_PROTOTYPES = YES;
				CLANG_WARN_SUSPICIOUS_MOVE = YES;
				CLANG_WARN_UNGUARDED_AVAILABILITY = YES_AGGRESSIVE;
				CLANG_WARN_UNREACHABLE_CODE = YES;
				CLANG_WARN__DUPLICATE_METHOD_MATCH = YES;
				CODE_SIGN_ENTITLEMENTS = "Savvy-Snip-macOS/Savvy_Snip_macOS.entitlements";
				"CODE_SIGN_IDENTITY[sdk=macosx*]" = "Apple Development";
				CODE_SIGN_STYLE = Automatic;
				COMBINE_HIDPI_IMAGES = YES;
				COPY_PHASE_STRIP = NO;
				CURRENT_PROJECT_VERSION = 1;
				DEBUG_INFORMATION_FORMAT = "dwarf-with-dsym";
				DEVELOPMENT_ASSET_PATHS = "\"Savvy-Snip-macOS/Preview Content\"";
				DEVELOPMENT_TEAM = ZV8A22X9K3;
				ENABLE_HARDENED_RUNTIME = YES;
				ENABLE_NS_ASSERTIONS = NO;
				ENABLE_PREVIEWS = YES;
				ENABLE_STRICT_OBJC_MSGSEND = YES;
				ENABLE_USER_SCRIPT_SANDBOXING = YES;
				GCC_C_LANGUAGE_STANDARD = gnu17;
				GCC_NO_COMMON_BLOCKS = YES;
				GCC_WARN_64_TO_32_BIT_CONVERSION = YES;
				GCC_WARN_ABOUT_RETURN_TYPE = YES_ERROR;
				GCC_WARN_UNDECLARED_SELECTOR = YES;
				GCC_WARN_UNINITIALIZED_AUTOS = YES_AGGRESSIVE;
				GCC_WARN_UNUSED_FUNCTION = YES;
				GCC_WARN_UNUSED_VARIABLE = YES;
				GENERATE_INFOPLIST_FILE = YES;
				INFOPLIST_KEY_CFBundleDisplayName = "Savvy-Snip";
				INFOPLIST_KEY_LSApplicationCategoryType = "public.app-category.developer-tools";
				INFOPLIST_KEY_NSHumanReadableCopyright = "";
				INFOPLIST_KEY_UILaunchStoryboardName = LaunchScreen.storyboard;
				LD_RUNPATH_SEARCH_PATHS = (
					"$(inherited)",
					"@executable_path/../Frameworks",
				);
				LOCALIZATION_PREFERS_STRING_CATALOGS = YES;
				MACOSX_DEPLOYMENT_TARGET = 14.4;
				MARKETING_VERSION = 1.0;
				MTL_ENABLE_DEBUG_INFO = NO;
				MTL_FAST_MATH = YES;
				PRODUCT_BUNDLE_IDENTIFIER = "github.com-Harman-Sahota-.Savvy-Snip";
				PRODUCT_NAME = "$(TARGET_NAME)";
				SDKROOT = macosx;
				SWIFT_COMPILATION_MODE = wholemodule;
				SWIFT_EMIT_LOC_STRINGS = YES;
				SWIFT_VERSION = 5.0;
			};
			name = Release;
		};
/* End XCBuildConfiguration section */

/* Begin XCConfigurationList section */
		51011E342BC438C400E39B80 /* Build configuration list for PBXProject "Savvy-Snip" */ = {
			isa = XCConfigurationList;
			buildConfigurations = (
				51011E352BC438C400E39B80 /* Debug */,
				51011E362BC438C400E39B80 /* Release */,
			);
			defaultConfigurationIsVisible = 0;
			defaultConfigurationName = Release;
		};
		51011E472BC438EC00E39B80 /* Build configuration list for PBXNativeTarget "Savvy-Snip-ios" */ = {
			isa = XCConfigurationList;
			buildConfigurations = (
				51011E482BC438EC00E39B80 /* Debug */,
				51011E492BC438EC00E39B80 /* Release */,
			);
			defaultConfigurationIsVisible = 0;
			defaultConfigurationName = Release;
		};
		51011E5A2BC4390100E39B80 /* Build configuration list for PBXNativeTarget "Savvy-Snip-macOS" */ = {
			isa = XCConfigurationList;
			buildConfigurations = (
				51011E5B2BC4390100E39B80 /* Debug */,
				51011E5C2BC4390100E39B80 /* Release */,
			);
			defaultConfigurationIsVisible = 0;
			defaultConfigurationName = Release;
		};
/* End XCConfigurationList section */

/* Begin XCRemoteSwiftPackageReference section */
		518F390E2BC5D5EF00A8CB08 /* XCRemoteSwiftPackageReference "firebase-ios-sdk" */ = {
			isa = XCRemoteSwiftPackageReference;
			repositoryURL = "https://github.com/firebase/firebase-ios-sdk";
			requirement = {
				kind = upToNextMajorVersion;
				minimumVersion = 10.24.0;
			};
		};
/* End XCRemoteSwiftPackageReference section */

/* Begin XCSwiftPackageProductDependency section */
		518F390F2BC5D5EF00A8CB08 /* FirebaseAnalytics */ = {
			isa = XCSwiftPackageProductDependency;
			package = 518F390E2BC5D5EF00A8CB08 /* XCRemoteSwiftPackageReference "firebase-ios-sdk" */;
			productName = FirebaseAnalytics;
		};
		518F39112BC5D5EF00A8CB08 /* FirebaseAnalyticsSwift */ = {
			isa = XCSwiftPackageProductDependency;
			package = 518F390E2BC5D5EF00A8CB08 /* XCRemoteSwiftPackageReference "firebase-ios-sdk" */;
			productName = FirebaseAnalyticsSwift;
		};
		518F39132BC5D5EF00A8CB08 /* FirebaseAuth */ = {
			isa = XCSwiftPackageProductDependency;
			package = 518F390E2BC5D5EF00A8CB08 /* XCRemoteSwiftPackageReference "firebase-ios-sdk" */;
			productName = FirebaseAuth;
		};
		518F39152BC5D5EF00A8CB08 /* FirebaseFirestore */ = {
			isa = XCSwiftPackageProductDependency;
			package = 518F390E2BC5D5EF00A8CB08 /* XCRemoteSwiftPackageReference "firebase-ios-sdk" */;
			productName = FirebaseFirestore;
		};
		518F39172BC5D61000A8CB08 /* FirebaseAnalytics */ = {
			isa = XCSwiftPackageProductDependency;
			package = 518F390E2BC5D5EF00A8CB08 /* XCRemoteSwiftPackageReference "firebase-ios-sdk" */;
			productName = FirebaseAnalytics;
		};
		518F39192BC5D61000A8CB08 /* FirebaseAnalyticsSwift */ = {
			isa = XCSwiftPackageProductDependency;
			package = 518F390E2BC5D5EF00A8CB08 /* XCRemoteSwiftPackageReference "firebase-ios-sdk" */;
			productName = FirebaseAnalyticsSwift;
		};
		518F391B2BC5D61000A8CB08 /* FirebaseAuth */ = {
			isa = XCSwiftPackageProductDependency;
			package = 518F390E2BC5D5EF00A8CB08 /* XCRemoteSwiftPackageReference "firebase-ios-sdk" */;
			productName = FirebaseAuth;
		};
		518F391D2BC5D61000A8CB08 /* FirebaseFirestore */ = {
			isa = XCSwiftPackageProductDependency;
			package = 518F390E2BC5D5EF00A8CB08 /* XCRemoteSwiftPackageReference "firebase-ios-sdk" */;
			productName = FirebaseFirestore;
		};
/* End XCSwiftPackageProductDependency section */
	};
	rootObject = 51011E312BC438C400E39B80 /* Project object */;
}
